{
  "name": "abdFal",
  "lockfileVersion": 3,
  "requires": true,
  "packages": {
    "": {
      "dependencies": {
        "luxy.js": "^0.1.0"
      }
    },
    "node_modules/luxy.js": {
      "version": "0.1.0",
      "resolved": "https://registry.npmjs.org/luxy.js/-/luxy.js-0.1.0.tgz",
      "integrity": "sha512-G26qu+HjBbZKyIRsgQVxR1dxw7mJ4g7ckqJ/0u8p6og1Lnp7w1rwdaw4jjoAb0UQZGoIzTvU+CGEbCNmJXvyQw=="
    }
  }
}
